
Microsoft Visual Studio Solution File, Format Version 12.00
# Visual Studio Version 17
VisualStudioVersion = 17.9.34622.214
MinimumVisualStudioVersion = 10.0.40219.1
Project("{8BC9CEB8-8B4A-11D0-8D11-00A0C91BC942}") = "project1", "project1\project1.vcxproj", "{541F6DEF-CAD0-4340-8839-132BC096D20A}"
EndProject
Global
	GlobalSection(SolutionConfigurationPlatforms) = preSolution
		Debug|x64 = Debug|x64
		Debug|x86 = Debug|x86
		Release|x64 = Release|x64
		Release|x86 = Release|x86
	EndGlobalSection
	GlobalSection(ProjectConfigurationPlatforms) = postSolution
		{541F6DEF-CAD0-4340-8839-132BC096D20A}.Debug|x64.ActiveCfg = Debug|x64
		{541F6DEF-CAD0-4340-8839-132BC096D20A}.Debug|x64.Build.0 = Debug|x64
		{541F6DEF-CAD0-4340-8839-132BC096D20A}.Debug|x86.ActiveCfg = Debug|Win32
		{541F6DEF-CAD0-4340-8839-132BC096D20A}.Debug|x86.Build.0 = Debug|Win32
		{541F6DEF-CAD0-4340-8839-132BC096D20A}.Release|x64.ActiveCfg = Release|x64
		{541F6DEF-CAD0-4340-8839-132BC096D20A}.Release|x64.Build.0 = Release|x64
		{541F6DEF-CAD0-4340-8839-132BC096D20A}.Release|x86.ActiveCfg = Release|Win32
		{541F6DEF-CAD0-4340-8839-132BC096D20A}.Release|x86.Build.0 = Release|Win32
	EndGlobalSection
	GlobalSection(SolutionProperties) = preSolution
		HideSolutionNode = FALSE
	EndGlobalSection
	GlobalSection(ExtensibilityGlobals) = postSolution
		SolutionGuid = {A4260D64-C2F2-43BE-BF9E-7F931CE93787}
	EndGlobalSection
EndGlobal
